{
  "name": "scam hunter",
  "lockfileVersion": 2,
  "requires": true,
  "packages": {
    "": {
      "dependencies": {
        "appjs": "^0.0.20"
      }
    },
    "node_modules/appjs": {
      "version": "0.0.20",
      "resolved": "https://registry.npmjs.org/appjs/-/appjs-0.0.20.tgz",
      "integrity": "sha1-Ms1i1+i02QgXOLoy2fwb184bX1A=",
      "hasInstallScript": true,
      "dependencies": {
        "mime": ">=1.2.5"
      },
      "engines": {
        "node": ">=0.8"
      }
    },
    "node_modules/mime": {
      "version": "3.0.0",
      "resolved": "https://registry.npmjs.org/mime/-/mime-3.0.0.tgz",
      "integrity": "sha512-jSCU7/VB1loIWBZe14aEYHU/+1UMEHoaO7qxCOVJOw9GgH72VAWppxNcjU+x9a2k3GSIBXNKxXQFqRvvZ7vr3A==",
      "bin": {
        "mime": "cli.js"
      },
      "engines": {
        "node": ">=10.0.0"
      }
    }
  },
  "dependencies": {
    "appjs": {
      "version": "0.0.20",
      "resolved": "https://registry.npmjs.org/appjs/-/appjs-0.0.20.tgz",
      "integrity": "sha1-Ms1i1+i02QgXOLoy2fwb184bX1A=",
      "requires": {
        "mime": ">=1.2.5"
      }
    },
    "mime": {
      "version": "3.0.0",
      "resolved": "https://registry.npmjs.org/mime/-/mime-3.0.0.tgz",
      "integrity": "sha512-jSCU7/VB1loIWBZe14aEYHU/+1UMEHoaO7qxCOVJOw9GgH72VAWppxNcjU+x9a2k3GSIBXNKxXQFqRvvZ7vr3A=="
    }
  }
}
